
Microsoft Visual Studio Solution File, Format Version 12.00
# Visual Studio Version 17
VisualStudioVersion = 17.10.35122.118
MinimumVisualStudioVersion = 10.0.40219.1
Project("{FAE04EC0-301F-11D3-BF4B-00C04F79EFBC}") = "EJ1_LINQ", "EJ1_LINQ\EJ1_LINQ.csproj", "{AA852605-A4E4-43F0-A60A-B78178D38CA4}"
EndProject
Global
	GlobalSection(SolutionConfigurationPlatforms) = preSolution
		Debug|Any CPU = Debug|Any CPU
		Release|Any CPU = Release|Any CPU
	EndGlobalSection
	GlobalSection(ProjectConfigurationPlatforms) = postSolution
		{AA852605-A4E4-43F0-A60A-B78178D38CA4}.Debug|Any CPU.ActiveCfg = Debug|Any CPU
		{AA852605-A4E4-43F0-A60A-B78178D38CA4}.Debug|Any CPU.Build.0 = Debug|Any CPU
		{AA852605-A4E4-43F0-A60A-B78178D38CA4}.Release|Any CPU.ActiveCfg = Release|Any CPU
		{AA852605-A4E4-43F0-A60A-B78178D38CA4}.Release|Any CPU.Build.0 = Release|Any CPU
	EndGlobalSection
	GlobalSection(SolutionProperties) = preSolution
		HideSolutionNode = FALSE
	EndGlobalSection
	GlobalSection(ExtensibilityGlobals) = postSolution
		SolutionGuid = {05EB6C17-6F10-431B-8CCF-3AA927C2BDA2}
	EndGlobalSection
EndGlobal
