
Microsoft Visual Studio Solution File, Format Version 12.00
# Visual Studio Version 17
VisualStudioVersion = 17.10.35122.118
MinimumVisualStudioVersion = 10.0.40219.1
Project("{FAE04EC0-301F-11D3-BF4B-00C04F79EFBC}") = "EJ7_LINQ", "EJ7_LINQ\EJ7_LINQ.csproj", "{774471C2-BA06-4821-AC88-A5D60D1059EE}"
EndProject
Global
	GlobalSection(SolutionConfigurationPlatforms) = preSolution
		Debug|Any CPU = Debug|Any CPU
		Release|Any CPU = Release|Any CPU
	EndGlobalSection
	GlobalSection(ProjectConfigurationPlatforms) = postSolution
		{774471C2-BA06-4821-AC88-A5D60D1059EE}.Debug|Any CPU.ActiveCfg = Debug|Any CPU
		{774471C2-BA06-4821-AC88-A5D60D1059EE}.Debug|Any CPU.Build.0 = Debug|Any CPU
		{774471C2-BA06-4821-AC88-A5D60D1059EE}.Release|Any CPU.ActiveCfg = Release|Any CPU
		{774471C2-BA06-4821-AC88-A5D60D1059EE}.Release|Any CPU.Build.0 = Release|Any CPU
	EndGlobalSection
	GlobalSection(SolutionProperties) = preSolution
		HideSolutionNode = FALSE
	EndGlobalSection
	GlobalSection(ExtensibilityGlobals) = postSolution
		SolutionGuid = {69E72ECB-77FA-4CC0-9637-377A485C7782}
	EndGlobalSection
EndGlobal
